
Microsoft Visual Studio Solution File, Format Version 12.00
# Visual Studio Version 16
VisualStudioVersion = 16.0.30621.155
MinimumVisualStudioVersion = 10.0.40219.1
Project("{FAE04EC0-301F-11D3-BF4B-00C04F79EFBC}") = "sesion 2", "sesion 2\sesion 2.csproj", "{6EDEFF34-75CB-4653-94A5-C9112F4764D8}"
EndProject
Global
	GlobalSection(SolutionConfigurationPlatforms) = preSolution
		Debug|Any CPU = Debug|Any CPU
		Release|Any CPU = Release|Any CPU
	EndGlobalSection
	GlobalSection(ProjectConfigurationPlatforms) = postSolution
		{6EDEFF34-75CB-4653-94A5-C9112F4764D8}.Debug|Any CPU.ActiveCfg = Debug|Any CPU
		{6EDEFF34-75CB-4653-94A5-C9112F4764D8}.Debug|Any CPU.Build.0 = Debug|Any CPU
		{6EDEFF34-75CB-4653-94A5-C9112F4764D8}.Release|Any CPU.ActiveCfg = Release|Any CPU
		{6EDEFF34-75CB-4653-94A5-C9112F4764D8}.Release|Any CPU.Build.0 = Release|Any CPU
	EndGlobalSection
	GlobalSection(SolutionProperties) = preSolution
		HideSolutionNode = FALSE
	EndGlobalSection
	GlobalSection(ExtensibilityGlobals) = postSolution
		SolutionGuid = {5D6E1738-84B3-4D8C-ADD2-D3E6D3579BCD}
	EndGlobalSection
EndGlobal
